
Microsoft Visual Studio Solution File, Format Version 12.00
# Visual Studio Version 17
VisualStudioVersion = 17.8.34330.188
MinimumVisualStudioVersion = 10.0.40219.1
Project("{FAE04EC0-301F-11D3-BF4B-00C04F79EFBC}") = "ChatBotApp", "ChatBotApp\ChatBotApp.csproj", "{6ABAAB50-28D7-4A61-82BE-B7F23D1EEA90}"
EndProject
Global
	GlobalSection(SolutionConfigurationPlatforms) = preSolution
		Debug|Any CPU = Debug|Any CPU
		Release|Any CPU = Release|Any CPU
	EndGlobalSection
	GlobalSection(ProjectConfigurationPlatforms) = postSolution
		{6ABAAB50-28D7-4A61-82BE-B7F23D1EEA90}.Debug|Any CPU.ActiveCfg = Debug|Any CPU
		{6ABAAB50-28D7-4A61-82BE-B7F23D1EEA90}.Debug|Any CPU.Build.0 = Debug|Any CPU
		{6ABAAB50-28D7-4A61-82BE-B7F23D1EEA90}.Release|Any CPU.ActiveCfg = Release|Any CPU
		{6ABAAB50-28D7-4A61-82BE-B7F23D1EEA90}.Release|Any CPU.Build.0 = Release|Any CPU
	EndGlobalSection
	GlobalSection(SolutionProperties) = preSolution
		HideSolutionNode = FALSE
	EndGlobalSection
	GlobalSection(ExtensibilityGlobals) = postSolution
		SolutionGuid = {C535FA31-B11D-4B91-B1F9-19D61E125B4A}
	EndGlobalSection
EndGlobal
